{
  "name": "node-logger",
  "version": "1.0.0",
  "lockfileVersion": 2,
  "requires": true,
  "packages": {
    "": {
      "version": "1.0.0",
      "license": "ISC",
      "dependencies": {
        "@sentry/node": "^6.7.2",
        "@sentry/tracing": "^6.7.2"
      },
      "devDependencies": {
        "typescript": "^4.3.4"
      }
    },
    "node_modules/@sentry/core": {
      "version": "6.7.2",
      "resolved": "https://registry.npmjs.org/@sentry/core/-/core-6.7.2.tgz",
      "integrity": "sha512-NTZqwN5nR94yrXmSfekoPs1mIFuKvf8esdIW/DadwSKWAdLJwQTJY9xK/8PQv+SEzd7wiitPAx+mCw2By1xiNQ==",
      "dependencies": {
        "@sentry/hub": "6.7.2",
        "@sentry/minimal": "6.7.2",
        "@sentry/types": "6.7.2",
        "@sentry/utils": "6.7.2",
        "tslib": "^1.9.3"
      },
      "engines": {
        "node": ">=6"
      }
    },
    "node_modules/@sentry/hub": {
      "version": "6.7.2",
      "resolved": "https://registry.npmjs.org/@sentry/hub/-/hub-6.7.2.tgz",
      "integrity": "sha512-05qVW6ymChJsXag4+fYCQokW3AcABIgcqrVYZUBf6GMU/Gbz5SJqpV7y1+njwWvnPZydMncP9LaDVpMKbE7UYQ==",
      "dependencies": {
        "@sentry/types": "6.7.2",
        "@sentry/utils": "6.7.2",
        "tslib": "^1.9.3"
      },
      "engines": {
        "node": ">=6"
      }
    },
    "node_modules/@sentry/minimal": {
      "version": "6.7.2",
      "resolved": "https://registry.npmjs.org/@sentry/minimal/-/minimal-6.7.2.tgz",
      "integrity": "sha512-jkpwFv2GFHoVl5vnK+9/Q+Ea8eVdbJ3hn3/Dqq9MOLFnVK7ED6MhdHKLT79puGSFj+85OuhM5m2Q44mIhyS5mw==",
      "dependencies": {
        "@sentry/hub": "6.7.2",
        "@sentry/types": "6.7.2",
        "tslib": "^1.9.3"
      },
      "engines": {
        "node": ">=6"
      }
    },
    "node_modules/@sentry/node": {
      "version": "6.7.2",
      "resolved": "https://registry.npmjs.org/@sentry/node/-/node-6.7.2.tgz",
      "integrity": "sha512-vfNTmxBbHthAKPDBo0gVk/aNHdgUfXLzmaK7FgWO7cISiI2soCfvKEIP61XqIFZru06teqcRuDsYlR4wSeyWpg==",
      "dependencies": {
        "@sentry/core": "6.7.2",
        "@sentry/hub": "6.7.2",
        "@sentry/tracing": "6.7.2",
        "@sentry/types": "6.7.2",
        "@sentry/utils": "6.7.2",
        "cookie": "^0.4.1",
        "https-proxy-agent": "^5.0.0",
        "lru_map": "^0.3.3",
        "tslib": "^1.9.3"
      },
      "engines": {
        "node": ">=6"
      }
    },
    "node_modules/@sentry/tracing": {
      "version": "6.7.2",
      "resolved": "https://registry.npmjs.org/@sentry/tracing/-/tracing-6.7.2.tgz",
      "integrity": "sha512-juKlI7FICKONWJFJxDxerj0A+8mNRhmtrdR+OXFqOkqSAy/QXlSFZcA/j//O19k2CfwK1BrvoMcQ/4gnffUOVg==",
      "dependencies": {
        "@sentry/hub": "6.7.2",
        "@sentry/minimal": "6.7.2",
        "@sentry/types": "6.7.2",
        "@sentry/utils": "6.7.2",
        "tslib": "^1.9.3"
      },
      "engines": {
        "node": ">=6"
      }
    },
    "node_modules/@sentry/types": {
      "version": "6.7.2",
      "resolved": "https://registry.npmjs.org/@sentry/types/-/types-6.7.2.tgz",
      "integrity": "sha512-h21Go/PfstUN+ZV6SbwRSZVg9GXRJWdLfHoO5PSVb3TVEMckuxk8tAE57/u+UZDwX8wu+Xyon2TgsKpiWKxqUg==",
      "engines": {
        "node": ">=6"
      }
    },
    "node_modules/@sentry/utils": {
      "version": "6.7.2",
      "resolved": "https://registry.npmjs.org/@sentry/utils/-/utils-6.7.2.tgz",
      "integrity": "sha512-9COL7aaBbe61Hp5BlArtXZ1o/cxli1NGONLPrVT4fMyeQFmLonhUiy77NdsW19XnvhvaA+2IoV5dg3dnFiF/og==",
      "dependencies": {
        "@sentry/types": "6.7.2",
        "tslib": "^1.9.3"
      },
      "engines": {
        "node": ">=6"
      }
    },
    "node_modules/agent-base": {
      "version": "6.0.2",
      "resolved": "https://registry.npmjs.org/agent-base/-/agent-base-6.0.2.tgz",
      "integrity": "sha512-RZNwNclF7+MS/8bDg70amg32dyeZGZxiDuQmZxKLAlQjr3jGyLx+4Kkk58UO7D2QdgFIQCovuSuZESne6RG6XQ==",
      "dependencies": {
        "debug": "4"
      },
      "engines": {
        "node": ">= 6.0.0"
      }
    },
    "node_modules/cookie": {
      "version": "0.4.1",
      "resolved": "https://registry.npmjs.org/cookie/-/cookie-0.4.1.tgz",
      "integrity": "sha512-ZwrFkGJxUR3EIoXtO+yVE69Eb7KlixbaeAWfBQB9vVsNn/o+Yw69gBWSSDK825hQNdN+wF8zELf3dFNl/kxkUA==",
      "engines": {
        "node": ">= 0.6"
      }
    },
    "node_modules/debug": {
      "version": "4.3.1",
      "resolved": "https://registry.npmjs.org/debug/-/debug-4.3.1.tgz",
      "integrity": "sha512-doEwdvm4PCeK4K3RQN2ZC2BYUBaxwLARCqZmMjtF8a51J2Rb0xpVloFRnCODwqjpwnAoao4pelN8l3RJdv3gRQ==",
      "dependencies": {
        "ms": "2.1.2"
      },
      "engines": {
        "node": ">=6.0"
      },
      "peerDependenciesMeta": {
        "supports-color": {
          "optional": true
        }
      }
    },
    "node_modules/https-proxy-agent": {
      "version": "5.0.0",
      "resolved": "https://registry.npmjs.org/https-proxy-agent/-/https-proxy-agent-5.0.0.tgz",
      "integrity": "sha512-EkYm5BcKUGiduxzSt3Eppko+PiNWNEpa4ySk9vTC6wDsQJW9rHSa+UhGNJoRYp7bz6Ht1eaRIa6QaJqO5rCFbA==",
      "dependencies": {
        "agent-base": "6",
        "debug": "4"
      },
      "engines": {
        "node": ">= 6"
      }
    },
    "node_modules/lru_map": {
      "version": "0.3.3",
      "resolved": "https://registry.npmjs.org/lru_map/-/lru_map-0.3.3.tgz",
      "integrity": "sha1-tcg1G5Rky9dQM1p5ZQoOwOVhGN0="
    },
    "node_modules/ms": {
      "version": "2.1.2",
      "resolved": "https://registry.npmjs.org/ms/-/ms-2.1.2.tgz",
      "integrity": "sha512-sGkPx+VjMtmA6MX27oA4FBFELFCZZ4S4XqeGOXCv68tT+jb3vk/RyaKWP0PTKyWtmLSM0b+adUTEvbs1PEaH2w=="
    },
    "node_modules/tslib": {
      "version": "1.14.1",
      "resolved": "https://registry.npmjs.org/tslib/-/tslib-1.14.1.tgz",
      "integrity": "sha512-Xni35NKzjgMrwevysHTCArtLDpPvye8zV/0E4EyYn43P7/7qvQwPh9BGkHewbMulVntbigmcT7rdX3BNo9wRJg=="
    },
    "node_modules/typescript": {
      "version": "4.3.4",
      "resolved": "https://registry.npmjs.org/typescript/-/typescript-4.3.4.tgz",
      "integrity": "sha512-uauPG7XZn9F/mo+7MrsRjyvbxFpzemRjKEZXS4AK83oP2KKOJPvb+9cO/gmnv8arWZvhnjVOXz7B49m1l0e9Ew==",
      "dev": true,
      "bin": {
        "tsc": "bin/tsc",
        "tsserver": "bin/tsserver"
      },
      "engines": {
        "node": ">=4.2.0"
      }
    }
  },
  "dependencies": {
    "@sentry/core": {
      "version": "6.7.2",
      "resolved": "https://registry.npmjs.org/@sentry/core/-/core-6.7.2.tgz",
      "integrity": "sha512-NTZqwN5nR94yrXmSfekoPs1mIFuKvf8esdIW/DadwSKWAdLJwQTJY9xK/8PQv+SEzd7wiitPAx+mCw2By1xiNQ==",
      "requires": {
        "@sentry/hub": "6.7.2",
        "@sentry/minimal": "6.7.2",
        "@sentry/types": "6.7.2",
        "@sentry/utils": "6.7.2",
        "tslib": "^1.9.3"
      }
    },
    "@sentry/hub": {
      "version": "6.7.2",
      "resolved": "https://registry.npmjs.org/@sentry/hub/-/hub-6.7.2.tgz",
      "integrity": "sha512-05qVW6ymChJsXag4+fYCQokW3AcABIgcqrVYZUBf6GMU/Gbz5SJqpV7y1+njwWvnPZydMncP9LaDVpMKbE7UYQ==",
      "requires": {
        "@sentry/types": "6.7.2",
        "@sentry/utils": "6.7.2",
        "tslib": "^1.9.3"
      }
    },
    "@sentry/minimal": {
      "version": "6.7.2",
      "resolved": "https://registry.npmjs.org/@sentry/minimal/-/minimal-6.7.2.tgz",
      "integrity": "sha512-jkpwFv2GFHoVl5vnK+9/Q+Ea8eVdbJ3hn3/Dqq9MOLFnVK7ED6MhdHKLT79puGSFj+85OuhM5m2Q44mIhyS5mw==",
      "requires": {
        "@sentry/hub": "6.7.2",
        "@sentry/types": "6.7.2",
        "tslib": "^1.9.3"
      }
    },
    "@sentry/node": {
      "version": "6.7.2",
      "resolved": "https://registry.npmjs.org/@sentry/node/-/node-6.7.2.tgz",
      "integrity": "sha512-vfNTmxBbHthAKPDBo0gVk/aNHdgUfXLzmaK7FgWO7cISiI2soCfvKEIP61XqIFZru06teqcRuDsYlR4wSeyWpg==",
      "requires": {
        "@sentry/core": "6.7.2",
        "@sentry/hub": "6.7.2",
        "@sentry/tracing": "6.7.2",
        "@sentry/types": "6.7.2",
        "@sentry/utils": "6.7.2",
        "cookie": "^0.4.1",
        "https-proxy-agent": "^5.0.0",
        "lru_map": "^0.3.3",
        "tslib": "^1.9.3"
      }
    },
    "@sentry/tracing": {
      "version": "6.7.2",
      "resolved": "https://registry.npmjs.org/@sentry/tracing/-/tracing-6.7.2.tgz",
      "integrity": "sha512-juKlI7FICKONWJFJxDxerj0A+8mNRhmtrdR+OXFqOkqSAy/QXlSFZcA/j//O19k2CfwK1BrvoMcQ/4gnffUOVg==",
      "requires": {
        "@sentry/hub": "6.7.2",
        "@sentry/minimal": "6.7.2",
        "@sentry/types": "6.7.2",
        "@sentry/utils": "6.7.2",
        "tslib": "^1.9.3"
      }
    },
    "@sentry/types": {
      "version": "6.7.2",
      "resolved": "https://registry.npmjs.org/@sentry/types/-/types-6.7.2.tgz",
      "integrity": "sha512-h21Go/PfstUN+ZV6SbwRSZVg9GXRJWdLfHoO5PSVb3TVEMckuxk8tAE57/u+UZDwX8wu+Xyon2TgsKpiWKxqUg=="
    },
    "@sentry/utils": {
      "version": "6.7.2",
      "resolved": "https://registry.npmjs.org/@sentry/utils/-/utils-6.7.2.tgz",
      "integrity": "sha512-9COL7aaBbe61Hp5BlArtXZ1o/cxli1NGONLPrVT4fMyeQFmLonhUiy77NdsW19XnvhvaA+2IoV5dg3dnFiF/og==",
      "requires": {
        "@sentry/types": "6.7.2",
        "tslib": "^1.9.3"
      }
    },
    "agent-base": {
      "version": "6.0.2",
      "resolved": "https://registry.npmjs.org/agent-base/-/agent-base-6.0.2.tgz",
      "integrity": "sha512-RZNwNclF7+MS/8bDg70amg32dyeZGZxiDuQmZxKLAlQjr3jGyLx+4Kkk58UO7D2QdgFIQCovuSuZESne6RG6XQ==",
      "requires": {
        "debug": "4"
      }
    },
    "cookie": {
      "version": "0.4.1",
      "resolved": "https://registry.npmjs.org/cookie/-/cookie-0.4.1.tgz",
      "integrity": "sha512-ZwrFkGJxUR3EIoXtO+yVE69Eb7KlixbaeAWfBQB9vVsNn/o+Yw69gBWSSDK825hQNdN+wF8zELf3dFNl/kxkUA=="
    },
    "debug": {
      "version": "4.3.1",
      "resolved": "https://registry.npmjs.org/debug/-/debug-4.3.1.tgz",
      "integrity": "sha512-doEwdvm4PCeK4K3RQN2ZC2BYUBaxwLARCqZmMjtF8a51J2Rb0xpVloFRnCODwqjpwnAoao4pelN8l3RJdv3gRQ==",
      "requires": {
        "ms": "2.1.2"
      }
    },
    "https-proxy-agent": {
      "version": "5.0.0",
      "resolved": "https://registry.npmjs.org/https-proxy-agent/-/https-proxy-agent-5.0.0.tgz",
      "integrity": "sha512-EkYm5BcKUGiduxzSt3Eppko+PiNWNEpa4ySk9vTC6wDsQJW9rHSa+UhGNJoRYp7bz6Ht1eaRIa6QaJqO5rCFbA==",
      "requires": {
        "agent-base": "6",
        "debug": "4"
      }
    },
    "lru_map": {
      "version": "0.3.3",
      "resolved": "https://registry.npmjs.org/lru_map/-/lru_map-0.3.3.tgz",
      "integrity": "sha1-tcg1G5Rky9dQM1p5ZQoOwOVhGN0="
    },
    "ms": {
      "version": "2.1.2",
      "resolved": "https://registry.npmjs.org/ms/-/ms-2.1.2.tgz",
      "integrity": "sha512-sGkPx+VjMtmA6MX27oA4FBFELFCZZ4S4XqeGOXCv68tT+jb3vk/RyaKWP0PTKyWtmLSM0b+adUTEvbs1PEaH2w=="
    },
    "tslib": {
      "version": "1.14.1",
      "resolved": "https://registry.npmjs.org/tslib/-/tslib-1.14.1.tgz",
      "integrity": "sha512-Xni35NKzjgMrwevysHTCArtLDpPvye8zV/0E4EyYn43P7/7qvQwPh9BGkHewbMulVntbigmcT7rdX3BNo9wRJg=="
    },
    "typescript": {
      "version": "4.3.4",
      "resolved": "https://registry.npmjs.org/typescript/-/typescript-4.3.4.tgz",
      "integrity": "sha512-uauPG7XZn9F/mo+7MrsRjyvbxFpzemRjKEZXS4AK83oP2KKOJPvb+9cO/gmnv8arWZvhnjVOXz7B49m1l0e9Ew==",
      "dev": true
    }
  }
}
